
Microsoft Visual Studio Solution File, Format Version 12.00
# Visual Studio Version 17
VisualStudioVersion = 17.5.002.0
MinimumVisualStudioVersion = 10.0.40219.1
Project("{2150E333-8FDC-42A3-9474-1A3956D46DE8}") = "C-sharp", "C-sharp", "{00EB2958-954B-4AFF-9838-3A3CB0EF45E0}"
EndProject
Project("{2150E333-8FDC-42A3-9474-1A3956D46DE8}") = "Files", "Files", "{06879525-038C-4B93-91ED-1F5B386AFA20}"
EndProject
Project("{9A19103F-16F7-4668-BE54-9A1E7A4F7556}") = "CreateFiles", "C-sharp\Files\CreateFiles\CreateFiles.csproj", "{2F23547C-ACC0-4DF9-BE81-3013BBDA0868}"
EndProject
Project("{9A19103F-16F7-4668-BE54-9A1E7A4F7556}") = "ReadWriteFiles", "C-sharp\Files\ReadWriteFiles\ReadWriteFiles.csproj", "{AD622B88-1410-4561-A925-AC9938FAF914}"
EndProject
Project("{9A19103F-16F7-4668-BE54-9A1E7A4F7556}") = "Directories", "C-sharp\Files\Directories\Directories.csproj", "{A9999FF9-816D-4AA7-A302-3145D32D3F97}"
EndProject
Project("{9A19103F-16F7-4668-BE54-9A1E7A4F7556}") = "FileInfo", "C-sharp\Files\FileInfo\FileInfo.csproj", "{79735219-688F-498C-9208-5D71ACD258E6}"
EndProject
Project("{9A19103F-16F7-4668-BE54-9A1E7A4F7556}") = "Challenge", "C-sharp\Files\Challenge\Challenge.csproj", "{257BA2D1-930C-40B8-BB98-AB6940F75A12}"
EndProject
Project("{2150E333-8FDC-42A3-9474-1A3956D46DE8}") = "Regex", "Regex", "{BE841C20-B210-4CC5-BDE4-5ACE6FC206D4}"
EndProject
Project("{9A19103F-16F7-4668-BE54-9A1E7A4F7556}") = "Replacing", "C-sharp\Files\Regex\Replacing\Replacing.csproj", "{086A64A4-2342-41B1-8BB9-8642489412A5}"
EndProject
Project("{9A19103F-16F7-4668-BE54-9A1E7A4F7556}") = "RegexTimeouts", "C-sharp\Files\Regex\Timeouts\RegexTimeouts.csproj", "{51C31184-14ED-46DB-83C4-02D539D1491E}"
EndProject
Project("{9A19103F-16F7-4668-BE54-9A1E7A4F7556}") = "Finding", "C-sharp\Files\Regex\Finding\Finding.csproj", "{89B8E06C-1338-434C-B072-73A735EFBEB3}"
EndProject
Project("{9A19103F-16F7-4668-BE54-9A1E7A4F7556}") = "Challenge", "C-sharp\Files\Regex\Challenge\Challenge.csproj", "{65417E55-60D1-4BBA-B590-8F12362D4EDB}"
EndProject
Project("{2150E333-8FDC-42A3-9474-1A3956D46DE8}") = "NumbersDates", "NumbersDates", "{E872AC52-8623-4302-BF02-D6C1CC9654AE}"
EndProject
Project("{9A19103F-16F7-4668-BE54-9A1E7A4F7556}") = "FormatDates", "C-sharp\Files\NumbersDates\FormatDates\FormatDates.csproj", "{3E89A557-CF4E-4536-B6A6-9919A8A6E5C1}"
EndProject
Project("{9A19103F-16F7-4668-BE54-9A1E7A4F7556}") = "ParseDates", "C-sharp\Files\NumbersDates\ParseDates\ParseDates.csproj", "{CC0F6687-BCA7-42DE-A465-5B33642A8D05}"
EndProject
Project("{9A19103F-16F7-4668-BE54-9A1E7A4F7556}") = "ParseNumbers", "C-sharp\Files\NumbersDates\ParseNumbers\ParseNumbers.csproj", "{C962A1A5-E063-407D-B219-BF8F8D7F49CE}"
EndProject
Project("{9A19103F-16F7-4668-BE54-9A1E7A4F7556}") = "FormatNumbers", "C-sharp\Files\NumbersDates\FormatNumbers\FormatNumbers.csproj", "{4A98139B-BEBE-4B03-AB7F-1EA78F28DC46}"
EndProject
Project("{9A19103F-16F7-4668-BE54-9A1E7A4F7556}") = "DateTimeClass", "C-sharp\Files\NumbersDates\DateTimeClass\DateTimeClass.csproj", "{C883B59A-1C1F-4104-A03B-DCD72539FD90}"
EndProject
Project("{9A19103F-16F7-4668-BE54-9A1E7A4F7556}") = "Challenge", "C-sharp\Files\NumbersDates\Challenge\Challenge.csproj", "{56985D9E-924A-4672-A6A9-F95E154C0D30}"
EndProject
Global
	GlobalSection(SolutionConfigurationPlatforms) = preSolution
		Debug|Any CPU = Debug|Any CPU
		Release|Any CPU = Release|Any CPU
	EndGlobalSection
	GlobalSection(ProjectConfigurationPlatforms) = postSolution
		{2F23547C-ACC0-4DF9-BE81-3013BBDA0868}.Debug|Any CPU.ActiveCfg = Debug|Any CPU
		{2F23547C-ACC0-4DF9-BE81-3013BBDA0868}.Debug|Any CPU.Build.0 = Debug|Any CPU
		{2F23547C-ACC0-4DF9-BE81-3013BBDA0868}.Release|Any CPU.ActiveCfg = Release|Any CPU
		{2F23547C-ACC0-4DF9-BE81-3013BBDA0868}.Release|Any CPU.Build.0 = Release|Any CPU
		{AD622B88-1410-4561-A925-AC9938FAF914}.Debug|Any CPU.ActiveCfg = Debug|Any CPU
		{AD622B88-1410-4561-A925-AC9938FAF914}.Debug|Any CPU.Build.0 = Debug|Any CPU
		{AD622B88-1410-4561-A925-AC9938FAF914}.Release|Any CPU.ActiveCfg = Release|Any CPU
		{AD622B88-1410-4561-A925-AC9938FAF914}.Release|Any CPU.Build.0 = Release|Any CPU
		{A9999FF9-816D-4AA7-A302-3145D32D3F97}.Debug|Any CPU.ActiveCfg = Debug|Any CPU
		{A9999FF9-816D-4AA7-A302-3145D32D3F97}.Debug|Any CPU.Build.0 = Debug|Any CPU
		{A9999FF9-816D-4AA7-A302-3145D32D3F97}.Release|Any CPU.ActiveCfg = Release|Any CPU
		{A9999FF9-816D-4AA7-A302-3145D32D3F97}.Release|Any CPU.Build.0 = Release|Any CPU
		{79735219-688F-498C-9208-5D71ACD258E6}.Debug|Any CPU.ActiveCfg = Debug|Any CPU
		{79735219-688F-498C-9208-5D71ACD258E6}.Debug|Any CPU.Build.0 = Debug|Any CPU
		{79735219-688F-498C-9208-5D71ACD258E6}.Release|Any CPU.ActiveCfg = Release|Any CPU
		{79735219-688F-498C-9208-5D71ACD258E6}.Release|Any CPU.Build.0 = Release|Any CPU
		{257BA2D1-930C-40B8-BB98-AB6940F75A12}.Debug|Any CPU.ActiveCfg = Debug|Any CPU
		{257BA2D1-930C-40B8-BB98-AB6940F75A12}.Debug|Any CPU.Build.0 = Debug|Any CPU
		{257BA2D1-930C-40B8-BB98-AB6940F75A12}.Release|Any CPU.ActiveCfg = Release|Any CPU
		{257BA2D1-930C-40B8-BB98-AB6940F75A12}.Release|Any CPU.Build.0 = Release|Any CPU
		{086A64A4-2342-41B1-8BB9-8642489412A5}.Debug|Any CPU.ActiveCfg = Debug|Any CPU
		{086A64A4-2342-41B1-8BB9-8642489412A5}.Debug|Any CPU.Build.0 = Debug|Any CPU
		{086A64A4-2342-41B1-8BB9-8642489412A5}.Release|Any CPU.ActiveCfg = Release|Any CPU
		{086A64A4-2342-41B1-8BB9-8642489412A5}.Release|Any CPU.Build.0 = Release|Any CPU
		{51C31184-14ED-46DB-83C4-02D539D1491E}.Debug|Any CPU.ActiveCfg = Debug|Any CPU
		{51C31184-14ED-46DB-83C4-02D539D1491E}.Debug|Any CPU.Build.0 = Debug|Any CPU
		{51C31184-14ED-46DB-83C4-02D539D1491E}.Release|Any CPU.ActiveCfg = Release|Any CPU
		{51C31184-14ED-46DB-83C4-02D539D1491E}.Release|Any CPU.Build.0 = Release|Any CPU
		{89B8E06C-1338-434C-B072-73A735EFBEB3}.Debug|Any CPU.ActiveCfg = Debug|Any CPU
		{89B8E06C-1338-434C-B072-73A735EFBEB3}.Debug|Any CPU.Build.0 = Debug|Any CPU
		{89B8E06C-1338-434C-B072-73A735EFBEB3}.Release|Any CPU.ActiveCfg = Release|Any CPU
		{89B8E06C-1338-434C-B072-73A735EFBEB3}.Release|Any CPU.Build.0 = Release|Any CPU
		{65417E55-60D1-4BBA-B590-8F12362D4EDB}.Debug|Any CPU.ActiveCfg = Debug|Any CPU
		{65417E55-60D1-4BBA-B590-8F12362D4EDB}.Debug|Any CPU.Build.0 = Debug|Any CPU
		{65417E55-60D1-4BBA-B590-8F12362D4EDB}.Release|Any CPU.ActiveCfg = Release|Any CPU
		{65417E55-60D1-4BBA-B590-8F12362D4EDB}.Release|Any CPU.Build.0 = Release|Any CPU
		{3E89A557-CF4E-4536-B6A6-9919A8A6E5C1}.Debug|Any CPU.ActiveCfg = Debug|Any CPU
		{3E89A557-CF4E-4536-B6A6-9919A8A6E5C1}.Debug|Any CPU.Build.0 = Debug|Any CPU
		{3E89A557-CF4E-4536-B6A6-9919A8A6E5C1}.Release|Any CPU.ActiveCfg = Release|Any CPU
		{3E89A557-CF4E-4536-B6A6-9919A8A6E5C1}.Release|Any CPU.Build.0 = Release|Any CPU
		{CC0F6687-BCA7-42DE-A465-5B33642A8D05}.Debug|Any CPU.ActiveCfg = Debug|Any CPU
		{CC0F6687-BCA7-42DE-A465-5B33642A8D05}.Debug|Any CPU.Build.0 = Debug|Any CPU
		{CC0F6687-BCA7-42DE-A465-5B33642A8D05}.Release|Any CPU.ActiveCfg = Release|Any CPU
		{CC0F6687-BCA7-42DE-A465-5B33642A8D05}.Release|Any CPU.Build.0 = Release|Any CPU
		{C962A1A5-E063-407D-B219-BF8F8D7F49CE}.Debug|Any CPU.ActiveCfg = Debug|Any CPU
		{C962A1A5-E063-407D-B219-BF8F8D7F49CE}.Debug|Any CPU.Build.0 = Debug|Any CPU
		{C962A1A5-E063-407D-B219-BF8F8D7F49CE}.Release|Any CPU.ActiveCfg = Release|Any CPU
		{C962A1A5-E063-407D-B219-BF8F8D7F49CE}.Release|Any CPU.Build.0 = Release|Any CPU
		{4A98139B-BEBE-4B03-AB7F-1EA78F28DC46}.Debug|Any CPU.ActiveCfg = Debug|Any CPU
		{4A98139B-BEBE-4B03-AB7F-1EA78F28DC46}.Debug|Any CPU.Build.0 = Debug|Any CPU
		{4A98139B-BEBE-4B03-AB7F-1EA78F28DC46}.Release|Any CPU.ActiveCfg = Release|Any CPU
		{4A98139B-BEBE-4B03-AB7F-1EA78F28DC46}.Release|Any CPU.Build.0 = Release|Any CPU
		{C883B59A-1C1F-4104-A03B-DCD72539FD90}.Debug|Any CPU.ActiveCfg = Debug|Any CPU
		{C883B59A-1C1F-4104-A03B-DCD72539FD90}.Debug|Any CPU.Build.0 = Debug|Any CPU
		{C883B59A-1C1F-4104-A03B-DCD72539FD90}.Release|Any CPU.ActiveCfg = Release|Any CPU
		{C883B59A-1C1F-4104-A03B-DCD72539FD90}.Release|Any CPU.Build.0 = Release|Any CPU
		{56985D9E-924A-4672-A6A9-F95E154C0D30}.Debug|Any CPU.ActiveCfg = Debug|Any CPU
		{56985D9E-924A-4672-A6A9-F95E154C0D30}.Debug|Any CPU.Build.0 = Debug|Any CPU
		{56985D9E-924A-4672-A6A9-F95E154C0D30}.Release|Any CPU.ActiveCfg = Release|Any CPU
		{56985D9E-924A-4672-A6A9-F95E154C0D30}.Release|Any CPU.Build.0 = Release|Any CPU
	EndGlobalSection
	GlobalSection(SolutionProperties) = preSolution
		HideSolutionNode = FALSE
	EndGlobalSection
	GlobalSection(NestedProjects) = preSolution
		{06879525-038C-4B93-91ED-1F5B386AFA20} = {00EB2958-954B-4AFF-9838-3A3CB0EF45E0}
		{2F23547C-ACC0-4DF9-BE81-3013BBDA0868} = {06879525-038C-4B93-91ED-1F5B386AFA20}
		{AD622B88-1410-4561-A925-AC9938FAF914} = {06879525-038C-4B93-91ED-1F5B386AFA20}
		{A9999FF9-816D-4AA7-A302-3145D32D3F97} = {06879525-038C-4B93-91ED-1F5B386AFA20}
		{79735219-688F-498C-9208-5D71ACD258E6} = {06879525-038C-4B93-91ED-1F5B386AFA20}
		{257BA2D1-930C-40B8-BB98-AB6940F75A12} = {06879525-038C-4B93-91ED-1F5B386AFA20}
		{BE841C20-B210-4CC5-BDE4-5ACE6FC206D4} = {06879525-038C-4B93-91ED-1F5B386AFA20}
		{086A64A4-2342-41B1-8BB9-8642489412A5} = {BE841C20-B210-4CC5-BDE4-5ACE6FC206D4}
		{51C31184-14ED-46DB-83C4-02D539D1491E} = {BE841C20-B210-4CC5-BDE4-5ACE6FC206D4}
		{89B8E06C-1338-434C-B072-73A735EFBEB3} = {BE841C20-B210-4CC5-BDE4-5ACE6FC206D4}
		{65417E55-60D1-4BBA-B590-8F12362D4EDB} = {BE841C20-B210-4CC5-BDE4-5ACE6FC206D4}
		{E872AC52-8623-4302-BF02-D6C1CC9654AE} = {06879525-038C-4B93-91ED-1F5B386AFA20}
		{3E89A557-CF4E-4536-B6A6-9919A8A6E5C1} = {E872AC52-8623-4302-BF02-D6C1CC9654AE}
		{CC0F6687-BCA7-42DE-A465-5B33642A8D05} = {E872AC52-8623-4302-BF02-D6C1CC9654AE}
		{C962A1A5-E063-407D-B219-BF8F8D7F49CE} = {E872AC52-8623-4302-BF02-D6C1CC9654AE}
		{4A98139B-BEBE-4B03-AB7F-1EA78F28DC46} = {E872AC52-8623-4302-BF02-D6C1CC9654AE}
		{C883B59A-1C1F-4104-A03B-DCD72539FD90} = {E872AC52-8623-4302-BF02-D6C1CC9654AE}
		{56985D9E-924A-4672-A6A9-F95E154C0D30} = {E872AC52-8623-4302-BF02-D6C1CC9654AE}
	EndGlobalSection
	GlobalSection(ExtensibilityGlobals) = postSolution
		SolutionGuid = {2075F126-1446-400D-8D32-E07663D589CF}
	EndGlobalSection
EndGlobal
